// !$*UTF8*$!
{
	archiveVersion = 1;
	classes = {
	};
	objectVersion = 50;
	objects = {

/* Begin PBXBuildFile section */
		06C46E7E61A7EB98791DE2C6 /* libPods-ArithmeticDemoUITests.a in Frameworks */ = {isa = PBXBuildFile; fileRef = 3AD815500857155167DD44AA /* libPods-ArithmeticDemoUITests.a */; };
		3D1C42D4C3AB0972C4BFBFBD /* libPods-ArithmeticDemo.a in Frameworks */ = {isa = PBXBuildFile; fileRef = FD3D8C23A8F55A49A2A2EFE1 /* libPods-ArithmeticDemo.a */; };
		7B36650621A534880058BBE4 /* AppDelegate.m in Sources */ = {isa = PBXBuildFile; fileRef = 7B36650521A534880058BBE4 /* AppDelegate.m */; };
		7B36650E21A5348B0058BBE4 /* Assets.xcassets in Resources */ = {isa = PBXBuildFile; fileRef = 7B36650D21A5348B0058BBE4 /* Assets.xcassets */; };
		7B36651421A5348B0058BBE4 /* main.m in Sources */ = {isa = PBXBuildFile; fileRef = 7B36651321A5348B0058BBE4 /* main.m */; };
		7B36651E21A5348B0058BBE4 /* ArithmeticDemoTests.m in Sources */ = {isa = PBXBuildFile; fileRef = 7B36651D21A5348B0058BBE4 /* ArithmeticDemoTests.m */; };
		7B36652921A5348B0058BBE4 /* ArithmeticDemoUITests.m in Sources */ = {isa = PBXBuildFile; fileRef = 7B36652821A5348B0058BBE4 /* ArithmeticDemoUITests.m */; };
		7B36653E21A5383E0058BBE4 /* ArithmeticListVC.m in Sources */ = {isa = PBXBuildFile; fileRef = 7B36653B21A5383E0058BBE4 /* ArithmeticListVC.m */; };
		7B36654121A53DEF0058BBE4 /* BubbleSortVC.m in Sources */ = {isa = PBXBuildFile; fileRef = 7B36654021A53DEF0058BBE4 /* BubbleSortVC.m */; };
		7B36654D21A67FC20058BBE4 /* SelectSortVC.m in Sources */ = {isa = PBXBuildFile; fileRef = 7B36654C21A67FC20058BBE4 /* SelectSortVC.m */; };
		7B36655121A680550058BBE4 /* ArithmeticHelper.m in Sources */ = {isa = PBXBuildFile; fileRef = 7B36655021A680550058BBE4 /* ArithmeticHelper.m */; };
		7B36655821A7DA590058BBE4 /* ArithmeticDetailVC.m in Sources */ = {isa = PBXBuildFile; fileRef = 7B36655721A7DA590058BBE4 /* ArithmeticDetailVC.m */; };
		7B36655B21A7DBE00058BBE4 /* markdown.css in Resources */ = {isa = PBXBuildFile; fileRef = 7B36655A21A7DBE00058BBE4 /* markdown.css */; };
		7B36655D21A7DCC10058BBE4 /* showdown.js in Resources */ = {isa = PBXBuildFile; fileRef = 7B36655C21A7DCC10058BBE4 /* showdown.js */; };
		7B36656021A7E2D90058BBE4 /* InsertSortVC.m in Sources */ = {isa = PBXBuildFile; fileRef = 7B36655F21A7E2D90058BBE4 /* InsertSortVC.m */; };
		B954F9D42C468C39E0F0E140 /* libPods-ArithmeticDemoTests.a in Frameworks */ = {isa = PBXBuildFile; fileRef = 9FF02DD6CDE1786BBA9F70F8 /* libPods-ArithmeticDemoTests.a */; };
/* End PBXBuildFile section */

/* Begin PBXContainerItemProxy section */
		7B36651A21A5348B0058BBE4 /* PBXContainerItemProxy */ = {
			isa = PBXContainerItemProxy;
			containerPortal = 7B3664F921A534880058BBE4 /* Project object */;
			proxyType = 1;
			remoteGlobalIDString = 7B36650021A534880058BBE4;
			remoteInfo = ArithmeticDemo;
		};
		7B36652521A5348B0058BBE4 /* PBXContainerItemProxy */ = {
			isa = PBXContainerItemProxy;
			containerPortal = 7B3664F921A534880058BBE4 /* Project object */;
			proxyType = 1;
			remoteGlobalIDString = 7B36650021A534880058BBE4;
			remoteInfo = ArithmeticDemo;
		};
/* End PBXContainerItemProxy section */

/* Begin PBXFileReference section */
		3510A03F68351E5581CE7F1E /* Pods-ArithmeticDemo.release.xcconfig */ = {isa = PBXFileReference; includeInIndex = 1; lastKnownFileType = text.xcconfig; name = "Pods-ArithmeticDemo.release.xcconfig"; path = "Pods/Target Support Files/Pods-ArithmeticDemo/Pods-ArithmeticDemo.release.xcconfig"; sourceTree = "<group>"; };
		3AD815500857155167DD44AA /* libPods-ArithmeticDemoUITests.a */ = {isa = PBXFileReference; explicitFileType = archive.ar; includeInIndex = 0; path = "libPods-ArithmeticDemoUITests.a"; sourceTree = BUILT_PRODUCTS_DIR; };
		57B90814D89CB63D707C1BA3 /* Pods-ArithmeticDemoUITests.debug.xcconfig */ = {isa = PBXFileReference; includeInIndex = 1; lastKnownFileType = text.xcconfig; name = "Pods-ArithmeticDemoUITests.debug.xcconfig"; path = "Pods/Target Support Files/Pods-ArithmeticDemoUITests/Pods-ArithmeticDemoUITests.debug.xcconfig"; sourceTree = "<group>"; };
		604403C05B84AC1D91FC222B /* Pods-ArithmeticDemoTests.release.xcconfig */ = {isa = PBXFileReference; includeInIndex = 1; lastKnownFileType = text.xcconfig; name = "Pods-ArithmeticDemoTests.release.xcconfig"; path = "Pods/Target Support Files/Pods-ArithmeticDemoTests/Pods-ArithmeticDemoTests.release.xcconfig"; sourceTree = "<group>"; };
		6E732C4FA47DA70076EADD32 /* Pods-ArithmeticDemoUITests.release.xcconfig */ = {isa = PBXFileReference; includeInIndex = 1; lastKnownFileType = text.xcconfig; name = "Pods-ArithmeticDemoUITests.release.xcconfig"; path = "Pods/Target Support Files/Pods-ArithmeticDemoUITests/Pods-ArithmeticDemoUITests.release.xcconfig"; sourceTree = "<group>"; };
		7B36650121A534880058BBE4 /* ArithmeticDemo.app */ = {isa = PBXFileReference; explicitFileType = wrapper.application; includeInIndex = 0; path = ArithmeticDemo.app; sourceTree = BUILT_PRODUCTS_DIR; };
		7B36650421A534880058BBE4 /* AppDelegate.h */ = {isa = PBXFileReference; lastKnownFileType = sourcecode.c.h; path = AppDelegate.h; sourceTree = "<group>"; };
		7B36650521A534880058BBE4 /* AppDelegate.m */ = {isa = PBXFileReference; lastKnownFileType = sourcecode.c.objc; path = AppDelegate.m; sourceTree = "<group>"; };
		7B36650D21A5348B0058BBE4 /* Assets.xcassets */ = {isa = PBXFileReference; lastKnownFileType = folder.assetcatalog; path = Assets.xcassets; sourceTree = "<group>"; };
		7B36651221A5348B0058BBE4 /* Info.plist */ = {isa = PBXFileReference; lastKnownFileType = text.plist.xml; path = Info.plist; sourceTree = "<group>"; };
		7B36651321A5348B0058BBE4 /* main.m */ = {isa = PBXFileReference; lastKnownFileType = sourcecode.c.objc; path = main.m; sourceTree = "<group>"; };
		7B36651921A5348B0058BBE4 /* ArithmeticDemoTests.xctest */ = {isa = PBXFileReference; explicitFileType = wrapper.cfbundle; includeInIndex = 0; path = ArithmeticDemoTests.xctest; sourceTree = BUILT_PRODUCTS_DIR; };
		7B36651D21A5348B0058BBE4 /* ArithmeticDemoTests.m */ = {isa = PBXFileReference; lastKnownFileType = sourcecode.c.objc; path = ArithmeticDemoTests.m; sourceTree = "<group>"; };
		7B36651F21A5348B0058BBE4 /* Info.plist */ = {isa = PBXFileReference; lastKnownFileType = text.plist.xml; path = Info.plist; sourceTree = "<group>"; };
		7B36652421A5348B0058BBE4 /* ArithmeticDemoUITests.xctest */ = {isa = PBXFileReference; explicitFileType = wrapper.cfbundle; includeInIndex = 0; path = ArithmeticDemoUITests.xctest; sourceTree = BUILT_PRODUCTS_DIR; };
		7B36652821A5348B0058BBE4 /* ArithmeticDemoUITests.m */ = {isa = PBXFileReference; lastKnownFileType = sourcecode.c.objc; path = ArithmeticDemoUITests.m; sourceTree = "<group>"; };
		7B36652A21A5348B0058BBE4 /* Info.plist */ = {isa = PBXFileReference; lastKnownFileType = text.plist.xml; path = Info.plist; sourceTree = "<group>"; };
		7B36653B21A5383E0058BBE4 /* ArithmeticListVC.m */ = {isa = PBXFileReference; fileEncoding = 4; lastKnownFileType = sourcecode.c.objc; path = ArithmeticListVC.m; sourceTree = "<group>"; };
		7B36653C21A5383E0058BBE4 /* ArithmeticListVC.h */ = {isa = PBXFileReference; fileEncoding = 4; lastKnownFileType = sourcecode.c.h; path = ArithmeticListVC.h; sourceTree = "<group>"; };
		7B36653F21A53DEF0058BBE4 /* BubbleSortVC.h */ = {isa = PBXFileReference; lastKnownFileType = sourcecode.c.h; path = BubbleSortVC.h; sourceTree = "<group>"; };
		7B36654021A53DEF0058BBE4 /* BubbleSortVC.m */ = {isa = PBXFileReference; lastKnownFileType = sourcecode.c.objc; path = BubbleSortVC.m; sourceTree = "<group>"; };
		7B36654B21A67FC20058BBE4 /* SelectSortVC.h */ = {isa = PBXFileReference; lastKnownFileType = sourcecode.c.h; path = SelectSortVC.h; sourceTree = "<group>"; };
		7B36654C21A67FC20058BBE4 /* SelectSortVC.m */ = {isa = PBXFileReference; lastKnownFileType = sourcecode.c.objc; path = SelectSortVC.m; sourceTree = "<group>"; };
		7B36654F21A680550058BBE4 /* ArithmeticHelper.h */ = {isa = PBXFileReference; lastKnownFileType = sourcecode.c.h; path = ArithmeticHelper.h; sourceTree = "<group>"; };
		7B36655021A680550058BBE4 /* ArithmeticHelper.m */ = {isa = PBXFileReference; lastKnownFileType = sourcecode.c.objc; path = ArithmeticHelper.m; sourceTree = "<group>"; };
		7B36655621A7DA590058BBE4 /* ArithmeticDetailVC.h */ = {isa = PBXFileReference; lastKnownFileType = sourcecode.c.h; path = ArithmeticDetailVC.h; sourceTree = "<group>"; };
		7B36655721A7DA590058BBE4 /* ArithmeticDetailVC.m */ = {isa = PBXFileReference; lastKnownFileType = sourcecode.c.objc; path = ArithmeticDetailVC.m; sourceTree = "<group>"; };
		7B36655A21A7DBE00058BBE4 /* markdown.css */ = {isa = PBXFileReference; fileEncoding = 4; lastKnownFileType = text.css; path = markdown.css; sourceTree = "<group>"; };
		7B36655C21A7DCC10058BBE4 /* showdown.js */ = {isa = PBXFileReference; fileEncoding = 4; lastKnownFileType = sourcecode.javascript; path = showdown.js; sourceTree = "<group>"; };
		7B36655E21A7E2D90058BBE4 /* InsertSortVC.h */ = {isa = PBXFileReference; lastKnownFileType = sourcecode.c.h; path = InsertSortVC.h; sourceTree = "<group>"; };
		7B36655F21A7E2D90058BBE4 /* InsertSortVC.m */ = {isa = PBXFileReference; lastKnownFileType = sourcecode.c.objc; path = InsertSortVC.m; sourceTree = "<group>"; };
		8F2E6A29F9C65B799E179C50 /* Pods-ArithmeticDemo.debug.xcconfig */ = {isa = PBXFileReference; includeInIndex = 1; lastKnownFileType = text.xcconfig; name = "Pods-ArithmeticDemo.debug.xcconfig"; path = "Pods/Target Support Files/Pods-ArithmeticDemo/Pods-ArithmeticDemo.debug.xcconfig"; sourceTree = "<group>"; };
		9FF02DD6CDE1786BBA9F70F8 /* libPods-ArithmeticDemoTests.a */ = {isa = PBXFileReference; explicitFileType = archive.ar; includeInIndex = 0; path = "libPods-ArithmeticDemoTests.a"; sourceTree = BUILT_PRODUCTS_DIR; };
		A6BE84EE01BC1F44DEE7ABA6 /* Pods-ArithmeticDemoTests.debug.xcconfig */ = {isa = PBXFileReference; includeInIndex = 1; lastKnownFileType = text.xcconfig; name = "Pods-ArithmeticDemoTests.debug.xcconfig"; path = "Pods/Target Support Files/Pods-ArithmeticDemoTests/Pods-ArithmeticDemoTests.debug.xcconfig"; sourceTree = "<group>"; };
		FD3D8C23A8F55A49A2A2EFE1 /* libPods-ArithmeticDemo.a */ = {isa = PBXFileReference; explicitFileType = archive.ar; includeInIndex = 0; path = "libPods-ArithmeticDemo.a"; sourceTree = BUILT_PRODUCTS_DIR; };
/* End PBXFileReference section */

/* Begin PBXFrameworksBuildPhase section */
		7B3664FE21A534880058BBE4 /* Frameworks */ = {
			isa = PBXFrameworksBuildPhase;
			buildActionMask = 2147483647;
			files = (
				3D1C42D4C3AB0972C4BFBFBD /* libPods-ArithmeticDemo.a in Frameworks */,
			);
			runOnlyForDeploymentPostprocessing = 0;
		};
		7B36651621A5348B0058BBE4 /* Frameworks */ = {
			isa = PBXFrameworksBuildPhase;
			buildActionMask = 2147483647;
			files = (
				B954F9D42C468C39E0F0E140 /* libPods-ArithmeticDemoTests.a in Frameworks */,
			);
			runOnlyForDeploymentPostprocessing = 0;
		};
		7B36652121A5348B0058BBE4 /* Frameworks */ = {
			isa = PBXFrameworksBuildPhase;
			buildActionMask = 2147483647;
			files = (
				06C46E7E61A7EB98791DE2C6 /* libPods-ArithmeticDemoUITests.a in Frameworks */,
			);
			runOnlyForDeploymentPostprocessing = 0;
		};
/* End PBXFrameworksBuildPhase section */

/* Begin PBXGroup section */
		7B3664F821A534880058BBE4 = {
			isa = PBXGroup;
			children = (
				7B36650321A534880058BBE4 /* ArithmeticDemo */,
				7B36651C21A5348B0058BBE4 /* ArithmeticDemoTests */,
				7B36652721A5348B0058BBE4 /* ArithmeticDemoUITests */,
				7B36650221A534880058BBE4 /* Products */,
				9C247A262705D5FE83D9BD07 /* Pods */,
				DEF56C4A4F6A40F9DACA9647 /* Frameworks */,
			);
			sourceTree = "<group>";
		};
		7B36650221A534880058BBE4 /* Products */ = {
			isa = PBXGroup;
			children = (
				7B36650121A534880058BBE4 /* ArithmeticDemo.app */,
				7B36651921A5348B0058BBE4 /* ArithmeticDemoTests.xctest */,
				7B36652421A5348B0058BBE4 /* ArithmeticDemoUITests.xctest */,
			);
			name = Products;
			sourceTree = "<group>";
		};
		7B36650321A534880058BBE4 /* ArithmeticDemo */ = {
			isa = PBXGroup;
			children = (
				7B36655921A7DBD40058BBE4 /* Resources */,
				7B36653921A5383E0058BBE4 /* Section */,
				7B36650421A534880058BBE4 /* AppDelegate.h */,
				7B36650521A534880058BBE4 /* AppDelegate.m */,
				7B36650D21A5348B0058BBE4 /* Assets.xcassets */,
				7B36651221A5348B0058BBE4 /* Info.plist */,
				7B36651321A5348B0058BBE4 /* main.m */,
			);
			path = ArithmeticDemo;
			sourceTree = "<group>";
		};
		7B36651C21A5348B0058BBE4 /* ArithmeticDemoTests */ = {
			isa = PBXGroup;
			children = (
				7B36651D21A5348B0058BBE4 /* ArithmeticDemoTests.m */,
				7B36651F21A5348B0058BBE4 /* Info.plist */,
			);
			path = ArithmeticDemoTests;
			sourceTree = "<group>";
		};
		7B36652721A5348B0058BBE4 /* ArithmeticDemoUITests */ = {
			isa = PBXGroup;
			children = (
				7B36652821A5348B0058BBE4 /* ArithmeticDemoUITests.m */,
				7B36652A21A5348B0058BBE4 /* Info.plist */,
			);
			path = ArithmeticDemoUITests;
			sourceTree = "<group>";
		};
		7B36653921A5383E0058BBE4 /* Section */ = {
			isa = PBXGroup;
			children = (
				7B36654E21A680320058BBE4 /* Helper */,
				7B36653A21A5383E0058BBE4 /* Home */,
				7B36653D21A5383E0058BBE4 /* Airthmetic */,
			);
			path = Section;
			sourceTree = "<group>";
		};
		7B36653A21A5383E0058BBE4 /* Home */ = {
			isa = PBXGroup;
			children = (
				7B36653C21A5383E0058BBE4 /* ArithmeticListVC.h */,
				7B36653B21A5383E0058BBE4 /* ArithmeticListVC.m */,
			);
			path = Home;
			sourceTree = "<group>";
		};
		7B36653D21A5383E0058BBE4 /* Airthmetic */ = {
			isa = PBXGroup;
			children = (
				7B36653F21A53DEF0058BBE4 /* BubbleSortVC.h */,
				7B36654021A53DEF0058BBE4 /* BubbleSortVC.m */,
				7B36654B21A67FC20058BBE4 /* SelectSortVC.h */,
				7B36654C21A67FC20058BBE4 /* SelectSortVC.m */,
				7B36655621A7DA590058BBE4 /* ArithmeticDetailVC.h */,
				7B36655721A7DA590058BBE4 /* ArithmeticDetailVC.m */,
				7B36655E21A7E2D90058BBE4 /* InsertSortVC.h */,
				7B36655F21A7E2D90058BBE4 /* InsertSortVC.m */,
			);
			path = Airthmetic;
			sourceTree = "<group>";
		};
		7B36654E21A680320058BBE4 /* Helper */ = {
			isa = PBXGroup;
			children = (
				7B36654F21A680550058BBE4 /* ArithmeticHelper.h */,
				7B36655021A680550058BBE4 /* ArithmeticHelper.m */,
			);
			path = Helper;
			sourceTree = "<group>";
		};
		7B36655921A7DBD40058BBE4 /* Resources */ = {
			isa = PBXGroup;
			children = (
				7B36655C21A7DCC10058BBE4 /* showdown.js */,
				7B36655A21A7DBE00058BBE4 /* markdown.css */,
			);
			path = Resources;
			sourceTree = "<group>";
		};
		9C247A262705D5FE83D9BD07 /* Pods */ = {
			isa = PBXGroup;
			children = (
				8F2E6A29F9C65B799E179C50 /* Pods-ArithmeticDemo.debug.xcconfig */,
				3510A03F68351E5581CE7F1E /* Pods-ArithmeticDemo.release.xcconfig */,
				A6BE84EE01BC1F44DEE7ABA6 /* Pods-ArithmeticDemoTests.debug.xcconfig */,
				604403C05B84AC1D91FC222B /* Pods-ArithmeticDemoTests.release.xcconfig */,
				57B90814D89CB63D707C1BA3 /* Pods-ArithmeticDemoUITests.debug.xcconfig */,
				6E732C4FA47DA70076EADD32 /* Pods-ArithmeticDemoUITests.release.xcconfig */,
			);
			name = Pods;
			sourceTree = "<group>";
		};
		DEF56C4A4F6A40F9DACA9647 /* Frameworks */ = {
			isa = PBXGroup;
			children = (
				FD3D8C23A8F55A49A2A2EFE1 /* libPods-ArithmeticDemo.a */,
				9FF02DD6CDE1786BBA9F70F8 /* libPods-ArithmeticDemoTests.a */,
				3AD815500857155167DD44AA /* libPods-ArithmeticDemoUITests.a */,
			);
			name = Frameworks;
			sourceTree = "<group>";
		};
/* End PBXGroup section */

/* Begin PBXNativeTarget section */
		7B36650021A534880058BBE4 /* ArithmeticDemo */ = {
			isa = PBXNativeTarget;
			buildConfigurationList = 7B36652D21A5348B0058BBE4 /* Build configuration list for PBXNativeTarget "ArithmeticDemo" */;
			buildPhases = (
				4BFF7A45C0EAF935B38C3BD9 /* [CP] Check Pods Manifest.lock */,
				7B3664FD21A534880058BBE4 /* Sources */,
				7B3664FE21A534880058BBE4 /* Frameworks */,
				7B3664FF21A534880058BBE4 /* Resources */,
				84B816DB3DAD58055059BFE3 /* [CP] Embed Pods Frameworks */,
				48F595B89E782FD581B5BA64 /* [CP] Copy Pods Resources */,
			);
			buildRules = (
			);
			dependencies = (
			);
			name = ArithmeticDemo;
			productName = ArithmeticDemo;
			productReference = 7B36650121A534880058BBE4 /* ArithmeticDemo.app */;
			productType = "com.apple.product-type.application";
		};
		7B36651821A5348B0058BBE4 /* ArithmeticDemoTests */ = {
			isa = PBXNativeTarget;
			buildConfigurationList = 7B36653021A5348B0058BBE4 /* Build configuration list for PBXNativeTarget "ArithmeticDemoTests" */;
			buildPhases = (
				EDC7A8B58FF61FA5DDA7D1BF /* [CP] Check Pods Manifest.lock */,
				7B36651521A5348B0058BBE4 /* Sources */,
				7B36651621A5348B0058BBE4 /* Frameworks */,
				7B36651721A5348B0058BBE4 /* Resources */,
				0DAF62B518CE1EEE39FEBE6C /* [CP] Embed Pods Frameworks */,
				61FDFA22B6CD85BF013C0617 /* [CP] Copy Pods Resources */,
			);
			buildRules = (
			);
			dependencies = (
				7B36651B21A5348B0058BBE4 /* PBXTargetDependency */,
			);
			name = ArithmeticDemoTests;
			productName = ArithmeticDemoTests;
			productReference = 7B36651921A5348B0058BBE4 /* ArithmeticDemoTests.xctest */;
			productType = "com.apple.product-type.bundle.unit-test";
		};
		7B36652321A5348B0058BBE4 /* ArithmeticDemoUITests */ = {
			isa = PBXNativeTarget;
			buildConfigurationList = 7B36653321A5348B0058BBE4 /* Build configuration list for PBXNativeTarget "ArithmeticDemoUITests" */;
			buildPhases = (
				EE370929B6C4E2D2ABD2760D /* [CP] Check Pods Manifest.lock */,
				7B36652021A5348B0058BBE4 /* Sources */,
				7B36652121A5348B0058BBE4 /* Frameworks */,
				7B36652221A5348B0058BBE4 /* Resources */,
				993A8C6E60D8A6CC866610E0 /* [CP] Embed Pods Frameworks */,
				974F19E6E40E09B26633A778 /* [CP] Copy Pods Resources */,
			);
			buildRules = (
			);
			dependencies = (
				7B36652621A5348B0058BBE4 /* PBXTargetDependency */,
			);
			name = ArithmeticDemoUITests;
			productName = ArithmeticDemoUITests;
			productReference = 7B36652421A5348B0058BBE4 /* ArithmeticDemoUITests.xctest */;
			productType = "com.apple.product-type.bundle.ui-testing";
		};
/* End PBXNativeTarget section */

/* Begin PBXProject section */
		7B3664F921A534880058BBE4 /* Project object */ = {
			isa = PBXProject;
			attributes = {
				LastUpgradeCheck = 1000;
				ORGANIZATIONNAME = dxl;
				TargetAttributes = {
					7B36650021A534880058BBE4 = {
						CreatedOnToolsVersion = 10.0;
					};
					7B36651821A5348B0058BBE4 = {
						CreatedOnToolsVersion = 10.0;
						TestTargetID = 7B36650021A534880058BBE4;
					};
					7B36652321A5348B0058BBE4 = {
						CreatedOnToolsVersion = 10.0;
						TestTargetID = 7B36650021A534880058BBE4;
					};
				};
			};
			buildConfigurationList = 7B3664FC21A534880058BBE4 /* Build configuration list for PBXProject "ArithmeticDemo" */;
			compatibilityVersion = "Xcode 9.3";
			developmentRegion = en;
			hasScannedForEncodings = 0;
			knownRegions = (
				en,
				Base,
			);
			mainGroup = 7B3664F821A534880058BBE4;
			productRefGroup = 7B36650221A534880058BBE4 /* Products */;
			projectDirPath = "";
			projectRoot = "";
			targets = (
				7B36650021A534880058BBE4 /* ArithmeticDemo */,
				7B36651821A5348B0058BBE4 /* ArithmeticDemoTests */,
				7B36652321A5348B0058BBE4 /* ArithmeticDemoUITests */,
			);
		};
/* End PBXProject section */

/* Begin PBXResourcesBuildPhase section */
		7B3664FF21A534880058BBE4 /* Resources */ = {
			isa = PBXResourcesBuildPhase;
			buildActionMask = 2147483647;
			files = (
				7B36655B21A7DBE00058BBE4 /* markdown.css in Resources */,
				7B36650E21A5348B0058BBE4 /* Assets.xcassets in Resources */,
				7B36655D21A7DCC10058BBE4 /* showdown.js in Resources */,
			);
			runOnlyForDeploymentPostprocessing = 0;
		};
		7B36651721A5348B0058BBE4 /* Resources */ = {
			isa = PBXResourcesBuildPhase;
			buildActionMask = 2147483647;
			files = (
			);
			runOnlyForDeploymentPostprocessing = 0;
		};
		7B36652221A5348B0058BBE4 /* Resources */ = {
			isa = PBXResourcesBuildPhase;
			buildActionMask = 2147483647;
			files = (
			);
			runOnlyForDeploymentPostprocessing = 0;
		};
/* End PBXResourcesBuildPhase section */

/* Begin PBXShellScriptBuildPhase section */
		0DAF62B518CE1EEE39FEBE6C /* [CP] Embed Pods Frameworks */ = {
			isa = PBXShellScriptBuildPhase;
			buildActionMask = 2147483647;
			files = (
			);
			inputFileListPaths = (
			);
			inputPaths = (
			);
			name = "[CP] Embed Pods Frameworks";
			outputFileListPaths = (
			);
			outputPaths = (
			);
			runOnlyForDeploymentPostprocessing = 0;
			shellPath = /bin/sh;
			shellScript = "\"${SRCROOT}/Pods/Target Support Files/Pods-ArithmeticDemoTests/Pods-ArithmeticDemoTests-frameworks.sh\"\n";
			showEnvVarsInLog = 0;
		};
		48F595B89E782FD581B5BA64 /* [CP] Copy Pods Resources */ = {
			isa = PBXShellScriptBuildPhase;
			buildActionMask = 2147483647;
			files = (
			);
			inputFileListPaths = (
			);
			inputPaths = (
			);
			name = "[CP] Copy Pods Resources";
			outputFileListPaths = (
			);
			outputPaths = (
			);
			runOnlyForDeploymentPostprocessing = 0;
			shellPath = /bin/sh;
			shellScript = "\"${SRCROOT}/Pods/Target Support Files/Pods-ArithmeticDemo/Pods-ArithmeticDemo-resources.sh\"\n";
			showEnvVarsInLog = 0;
		};
		4BFF7A45C0EAF935B38C3BD9 /* [CP] Check Pods Manifest.lock */ = {
			isa = PBXShellScriptBuildPhase;
			buildActionMask = 2147483647;
			files = (
			);
			inputFileListPaths = (
			);
			inputPaths = (
				"${PODS_PODFILE_DIR_PATH}/Podfile.lock",
				"${PODS_ROOT}/Manifest.lock",
			);
			name = "[CP] Check Pods Manifest.lock";
			outputFileListPaths = (
			);
			outputPaths = (
				"$(DERIVED_FILE_DIR)/Pods-ArithmeticDemo-checkManifestLockResult.txt",
			);
			runOnlyForDeploymentPostprocessing = 0;
			shellPath = /bin/sh;
			shellScript = "diff \"${PODS_PODFILE_DIR_PATH}/Podfile.lock\" \"${PODS_ROOT}/Manifest.lock\" > /dev/null\nif [ $? != 0 ] ; then\n    # print error to STDERR\n    echo \"error: The sandbox is not in sync with the Podfile.lock. Run 'pod install' or update your CocoaPods installation.\" >&2\n    exit 1\nfi\n# This output is used by Xcode 'outputs' to avoid re-running this script phase.\necho \"SUCCESS\" > \"${SCRIPT_OUTPUT_FILE_0}\"\n";
			showEnvVarsInLog = 0;
		};
		61FDFA22B6CD85BF013C0617 /* [CP] Copy Pods Resources */ = {
			isa = PBXShellScriptBuildPhase;
			buildActionMask = 2147483647;
			files = (
			);
			inputFileListPaths = (
			);
			inputPaths = (
			);
			name = "[CP] Copy Pods Resources";
			outputFileListPaths = (
			);
			outputPaths = (
			);
			runOnlyForDeploymentPostprocessing = 0;
			shellPath = /bin/sh;
			shellScript = "\"${SRCROOT}/Pods/Target Support Files/Pods-ArithmeticDemoTests/Pods-ArithmeticDemoTests-resources.sh\"\n";
			showEnvVarsInLog = 0;
		};
		84B816DB3DAD58055059BFE3 /* [CP] Embed Pods Frameworks */ = {
			isa = PBXShellScriptBuildPhase;
			buildActionMask = 2147483647;
			files = (
			);
			inputFileListPaths = (
			);
			inputPaths = (
			);
			name = "[CP] Embed Pods Frameworks";
			outputFileListPaths = (
			);
			outputPaths = (
			);
			runOnlyForDeploymentPostprocessing = 0;
			shellPath = /bin/sh;
			shellScript = "\"${SRCROOT}/Pods/Target Support Files/Pods-ArithmeticDemo/Pods-ArithmeticDemo-frameworks.sh\"\n";
			showEnvVarsInLog = 0;
		};
		974F19E6E40E09B26633A778 /* [CP] Copy Pods Resources */ = {
			isa = PBXShellScriptBuildPhase;
			buildActionMask = 2147483647;
			files = (
			);
			inputFileListPaths = (
			);
			inputPaths = (
			);
			name = "[CP] Copy Pods Resources";
			outputFileListPaths = (
			);
			outputPaths = (
			);
			runOnlyForDeploymentPostprocessing = 0;
			shellPath = /bin/sh;
			shellScript = "\"${SRCROOT}/Pods/Target Support Files/Pods-ArithmeticDemoUITests/Pods-ArithmeticDemoUITests-resources.sh\"\n";
			showEnvVarsInLog = 0;
		};
		993A8C6E60D8A6CC866610E0 /* [CP] Embed Pods Frameworks */ = {
			isa = PBXShellScriptBuildPhase;
			buildActionMask = 2147483647;
			files = (
			);
			inputFileListPaths = (
			);
			inputPaths = (
			);
			name = "[CP] Embed Pods Frameworks";
			outputFileListPaths = (
			);
			outputPaths = (
			);
			runOnlyForDeploymentPostprocessing = 0;
			shellPath = /bin/sh;
			shellScript = "\"${SRCROOT}/Pods/Target Support Files/Pods-ArithmeticDemoUITests/Pods-ArithmeticDemoUITests-frameworks.sh\"\n";
			showEnvVarsInLog = 0;
		};
		EDC7A8B58FF61FA5DDA7D1BF /* [CP] Check Pods Manifest.lock */ = {
			isa = PBXShellScriptBuildPhase;
			buildActionMask = 2147483647;
			files = (
			);
			inputFileListPaths = (
			);
			inputPaths = (
				"${PODS_PODFILE_DIR_PATH}/Podfile.lock",
				"${PODS_ROOT}/Manifest.lock",
			);
			name = "[CP] Check Pods Manifest.lock";
			outputFileListPaths = (
			);
			outputPaths = (
				"$(DERIVED_FILE_DIR)/Pods-ArithmeticDemoTests-checkManifestLockResult.txt",
			);
			runOnlyForDeploymentPostprocessing = 0;
			shellPath = /bin/sh;
			shellScript = "diff \"${PODS_PODFILE_DIR_PATH}/Podfile.lock\" \"${PODS_ROOT}/Manifest.lock\" > /dev/null\nif [ $? != 0 ] ; then\n    # print error to STDERR\n    echo \"error: The sandbox is not in sync with the Podfile.lock. Run 'pod install' or update your CocoaPods installation.\" >&2\n    exit 1\nfi\n# This output is used by Xcode 'outputs' to avoid re-running this script phase.\necho \"SUCCESS\" > \"${SCRIPT_OUTPUT_FILE_0}\"\n";
			showEnvVarsInLog = 0;
		};
		EE370929B6C4E2D2ABD2760D /* [CP] Check Pods Manifest.lock */ = {
			isa = PBXShellScriptBuildPhase;
			buildActionMask = 2147483647;
			files = (
			);
			inputFileListPaths = (
			);
			inputPaths = (
				"${PODS_PODFILE_DIR_PATH}/Podfile.lock",
				"${PODS_ROOT}/Manifest.lock",
			);
			name = "[CP] Check Pods Manifest.lock";
			outputFileListPaths = (
			);
			outputPaths = (
				"$(DERIVED_FILE_DIR)/Pods-ArithmeticDemoUITests-checkManifestLockResult.txt",
			);
			runOnlyForDeploymentPostprocessing = 0;
			shellPath = /bin/sh;
			shellScript = "diff \"${PODS_PODFILE_DIR_PATH}/Podfile.lock\" \"${PODS_ROOT}/Manifest.lock\" > /dev/null\nif [ $? != 0 ] ; then\n    # print error to STDERR\n    echo \"error: The sandbox is not in sync with the Podfile.lock. Run 'pod install' or update your CocoaPods installation.\" >&2\n    exit 1\nfi\n# This output is used by Xcode 'outputs' to avoid re-running this script phase.\necho \"SUCCESS\" > \"${SCRIPT_OUTPUT_FILE_0}\"\n";
			showEnvVarsInLog = 0;
		};
/* End PBXShellScriptBuildPhase section */

/* Begin PBXSourcesBuildPhase section */
		7B3664FD21A534880058BBE4 /* Sources */ = {
			isa = PBXSourcesBuildPhase;
			buildActionMask = 2147483647;
			files = (
				7B36653E21A5383E0058BBE4 /* ArithmeticListVC.m in Sources */,
				7B36655121A680550058BBE4 /* ArithmeticHelper.m in Sources */,
				7B36654D21A67FC20058BBE4 /* SelectSortVC.m in Sources */,
				7B36651421A5348B0058BBE4 /* main.m in Sources */,
				7B36654121A53DEF0058BBE4 /* BubbleSortVC.m in Sources */,
				7B36650621A534880058BBE4 /* AppDelegate.m in Sources */,
				7B36655821A7DA590058BBE4 /* ArithmeticDetailVC.m in Sources */,
				7B36656021A7E2D90058BBE4 /* InsertSortVC.m in Sources */,
			);
			runOnlyForDeploymentPostprocessing = 0;
		};
		7B36651521A5348B0058BBE4 /* Sources */ = {
			isa = PBXSourcesBuildPhase;
			buildActionMask = 2147483647;
			files = (
				7B36651E21A5348B0058BBE4 /* ArithmeticDemoTests.m in Sources */,
			);
			runOnlyForDeploymentPostprocessing = 0;
		};
		7B36652021A5348B0058BBE4 /* Sources */ = {
			isa = PBXSourcesBuildPhase;
			buildActionMask = 2147483647;
			files = (
				7B36652921A5348B0058BBE4 /* ArithmeticDemoUITests.m in Sources */,
			);
			runOnlyForDeploymentPostprocessing = 0;
		};
/* End PBXSourcesBuildPhase section */

/* Begin PBXTargetDependency section */
		7B36651B21A5348B0058BBE4 /* PBXTargetDependency */ = {
			isa = PBXTargetDependency;
			target = 7B36650021A534880058BBE4 /* ArithmeticDemo */;
			targetProxy = 7B36651A21A5348B0058BBE4 /* PBXContainerItemProxy */;
		};
		7B36652621A5348B0058BBE4 /* PBXTargetDependency */ = {
			isa = PBXTargetDependency;
			target = 7B36650021A534880058BBE4 /* ArithmeticDemo */;
			targetProxy = 7B36652521A5348B0058BBE4 /* PBXContainerItemProxy */;
		};
/* End PBXTargetDependency section */

/* Begin XCBuildConfiguration section */
		7B36652B21A5348B0058BBE4 /* Debug */ = {
			isa = XCBuildConfiguration;
			buildSettings = {
				ALWAYS_SEARCH_USER_PATHS = NO;
				CLANG_ANALYZER_NONNULL = YES;
				CLANG_ANALYZER_NUMBER_OBJECT_CONVERSION = YES_AGGRESSIVE;
				CLANG_CXX_LANGUAGE_STANDARD = "gnu++14";
				CLANG_CXX_LIBRARY = "libc++";
				CLANG_ENABLE_MODULES = YES;
				CLANG_ENABLE_OBJC_ARC = YES;
				CLANG_ENABLE_OBJC_WEAK = YES;
				CLANG_WARN_BLOCK_CAPTURE_AUTORELEASING = YES;
				CLANG_WARN_BOOL_CONVERSION = YES;
				CLANG_WARN_COMMA = YES;
				CLANG_WARN_CONSTANT_CONVERSION = YES;
				CLANG_WARN_DEPRECATED_OBJC_IMPLEMENTATIONS = YES;
				CLANG_WARN_DIRECT_OBJC_ISA_USAGE = YES_ERROR;
				CLANG_WARN_DOCUMENTATION_COMMENTS = YES;
				CLANG_WARN_EMPTY_BODY = YES;
				CLANG_WARN_ENUM_CONVERSION = YES;
				CLANG_WARN_INFINITE_RECURSION = YES;
				CLANG_WARN_INT_CONVERSION = YES;
				CLANG_WARN_NON_LITERAL_NULL_CONVERSION = YES;
				CLANG_WARN_OBJC_IMPLICIT_RETAIN_SELF = YES;
				CLANG_WARN_OBJC_LITERAL_CONVERSION = YES;
				CLANG_WARN_OBJC_ROOT_CLASS = YES_ERROR;
				CLANG_WARN_RANGE_LOOP_ANALYSIS = YES;
				CLANG_WARN_STRICT_PROTOTYPES = YES;
				CLANG_WARN_SUSPICIOUS_MOVE = YES;
				CLANG_WARN_UNGUARDED_AVAILABILITY = YES_AGGRESSIVE;
				CLANG_WARN_UNREACHABLE_CODE = YES;
				CLANG_WARN__DUPLICATE_METHOD_MATCH = YES;
				CODE_SIGN_IDENTITY = "iPhone Developer";
				COPY_PHASE_STRIP = NO;
				DEBUG_INFORMATION_FORMAT = dwarf;
				ENABLE_STRICT_OBJC_MSGSEND = YES;
				ENABLE_TESTABILITY = YES;
				GCC_C_LANGUAGE_STANDARD = gnu11;
				GCC_DYNAMIC_NO_PIC = NO;
				GCC_NO_COMMON_BLOCKS = YES;
				GCC_OPTIMIZATION_LEVEL = 0;
				GCC_PREPROCESSOR_DEFINITIONS = (
					"DEBUG=1",
					"$(inherited)",
				);
				GCC_WARN_64_TO_32_BIT_CONVERSION = YES;
				GCC_WARN_ABOUT_RETURN_TYPE = YES_ERROR;
				GCC_WARN_UNDECLARED_SELECTOR = YES;
				GCC_WARN_UNINITIALIZED_AUTOS = YES_AGGRESSIVE;
				GCC_WARN_UNUSED_FUNCTION = YES;
				GCC_WARN_UNUSED_VARIABLE = YES;
				IPHONEOS_DEPLOYMENT_TARGET = 12.0;
				MTL_ENABLE_DEBUG_INFO = INCLUDE_SOURCE;
				MTL_FAST_MATH = YES;
				ONLY_ACTIVE_ARCH = YES;
				SDKROOT = iphoneos;
			};
			name = Debug;
		};
		7B36652C21A5348B0058BBE4 /* Release */ = {
			isa = XCBuildConfiguration;
			buildSettings = {
				ALWAYS_SEARCH_USER_PATHS = NO;
				CLANG_ANALYZER_NONNULL = YES;
				CLANG_ANALYZER_NUMBER_OBJECT_CONVERSION = YES_AGGRESSIVE;
				CLANG_CXX_LANGUAGE_STANDARD = "gnu++14";
				CLANG_CXX_LIBRARY = "libc++";
				CLANG_ENABLE_MODULES = YES;
				CLANG_ENABLE_OBJC_ARC = YES;
				CLANG_ENABLE_OBJC_WEAK = YES;
				CLANG_WARN_BLOCK_CAPTURE_AUTORELEASING = YES;
				CLANG_WARN_BOOL_CONVERSION = YES;
				CLANG_WARN_COMMA = YES;
				CLANG_WARN_CONSTANT_CONVERSION = YES;
				CLANG_WARN_DEPRECATED_OBJC_IMPLEMENTATIONS = YES;
				CLANG_WARN_DIRECT_OBJC_ISA_USAGE = YES_ERROR;
				CLANG_WARN_DOCUMENTATION_COMMENTS = YES;
				CLANG_WARN_EMPTY_BODY = YES;
				CLANG_WARN_ENUM_CONVERSION = YES;
				CLANG_WARN_INFINITE_RECURSION = YES;
				CLANG_WARN_INT_CONVERSION = YES;
				CLANG_WARN_NON_LITERAL_NULL_CONVERSION = YES;
				CLANG_WARN_OBJC_IMPLICIT_RETAIN_SELF = YES;
				CLANG_WARN_OBJC_LITERAL_CONVERSION = YES;
				CLANG_WARN_OBJC_ROOT_CLASS = YES_ERROR;
				CLANG_WARN_RANGE_LOOP_ANALYSIS = YES;
				CLANG_WARN_STRICT_PROTOTYPES = YES;
				CLANG_WARN_SUSPICIOUS_MOVE = YES;
				CLANG_WARN_UNGUARDED_AVAILABILITY = YES_AGGRESSIVE;
				CLANG_WARN_UNREACHABLE_CODE = YES;
				CLANG_WARN__DUPLICATE_METHOD_MATCH = YES;
				CODE_SIGN_IDENTITY = "iPhone Developer";
				COPY_PHASE_STRIP = NO;
				DEBUG_INFORMATION_FORMAT = "dwarf-with-dsym";
				ENABLE_NS_ASSERTIONS = NO;
				ENABLE_STRICT_OBJC_MSGSEND = YES;
				GCC_C_LANGUAGE_STANDARD = gnu11;
				GCC_NO_COMMON_BLOCKS = YES;
				GCC_WARN_64_TO_32_BIT_CONVERSION = YES;
				GCC_WARN_ABOUT_RETURN_TYPE = YES_ERROR;
				GCC_WARN_UNDECLARED_SELECTOR = YES;
				GCC_WARN_UNINITIALIZED_AUTOS = YES_AGGRESSIVE;
				GCC_WARN_UNUSED_FUNCTION = YES;
				GCC_WARN_UNUSED_VARIABLE = YES;
				IPHONEOS_DEPLOYMENT_TARGET = 12.0;
				MTL_ENABLE_DEBUG_INFO = NO;
				MTL_FAST_MATH = YES;
				SDKROOT = iphoneos;
				VALIDATE_PRODUCT = YES;
			};
			name = Release;
		};
		7B36652E21A5348B0058BBE4 /* Debug */ = {
			isa = XCBuildConfiguration;
			baseConfigurationReference = 8F2E6A29F9C65B799E179C50 /* Pods-ArithmeticDemo.debug.xcconfig */;
			buildSettings = {
				ASSETCATALOG_COMPILER_APPICON_NAME = AppIcon;
				CODE_SIGN_STYLE = Manual;
				DEVELOPMENT_TEAM = "";
				INFOPLIST_FILE = ArithmeticDemo/Info.plist;
				LD_RUNPATH_SEARCH_PATHS = (
					"$(inherited)",
					"@executable_path/Frameworks",
				);
				PRODUCT_BUNDLE_IDENTIFIER = com.dxl.ArithmeticDemo;
				PRODUCT_NAME = "$(TARGET_NAME)";
				PROVISIONING_PROFILE_SPECIFIER = "";
				TARGETED_DEVICE_FAMILY = "1,2";
			};
			name = Debug;
		};
		7B36652F21A5348B0058BBE4 /* Release */ = {
			isa = XCBuildConfiguration;
			baseConfigurationReference = 3510A03F68351E5581CE7F1E /* Pods-ArithmeticDemo.release.xcconfig */;
			buildSettings = {
				ASSETCATALOG_COMPILER_APPICON_NAME = AppIcon;
				CODE_SIGN_STYLE = Manual;
				DEVELOPMENT_TEAM = "";
				INFOPLIST_FILE = ArithmeticDemo/Info.plist;
				LD_RUNPATH_SEARCH_PATHS = (
					"$(inherited)",
					"@executable_path/Frameworks",
				);
				PRODUCT_BUNDLE_IDENTIFIER = com.dxl.ArithmeticDemo;
				PRODUCT_NAME = "$(TARGET_NAME)";
				PROVISIONING_PROFILE_SPECIFIER = "";
				TARGETED_DEVICE_FAMILY = "1,2";
			};
			name = Release;
		};
		7B36653121A5348B0058BBE4 /* Debug */ = {
			isa = XCBuildConfiguration;
			baseConfigurationReference = A6BE84EE01BC1F44DEE7ABA6 /* Pods-ArithmeticDemoTests.debug.xcconfig */;
			buildSettings = {
				BUNDLE_LOADER = "$(TEST_HOST)";
				CODE_SIGN_STYLE = Automatic;
				INFOPLIST_FILE = ArithmeticDemoTests/Info.plist;
				LD_RUNPATH_SEARCH_PATHS = (
					"$(inherited)",
					"@executable_path/Frameworks",
					"@loader_path/Frameworks",
				);
				PRODUCT_BUNDLE_IDENTIFIER = com.dxl.ArithmeticDemoTests;
				PRODUCT_NAME = "$(TARGET_NAME)";
				TARGETED_DEVICE_FAMILY = "1,2";
				TEST_HOST = "$(BUILT_PRODUCTS_DIR)/ArithmeticDemo.app/ArithmeticDemo";
			};
			name = Debug;
		};
		7B36653221A5348B0058BBE4 /* Release */ = {
			isa = XCBuildConfiguration;
			baseConfigurationReference = 604403C05B84AC1D91FC222B /* Pods-ArithmeticDemoTests.release.xcconfig */;
			buildSettings = {
				BUNDLE_LOADER = "$(TEST_HOST)";
				CODE_SIGN_STYLE = Automatic;
				INFOPLIST_FILE = ArithmeticDemoTests/Info.plist;
				LD_RUNPATH_SEARCH_PATHS = (
					"$(inherited)",
					"@executable_path/Frameworks",
					"@loader_path/Frameworks",
				);
				PRODUCT_BUNDLE_IDENTIFIER = com.dxl.ArithmeticDemoTests;
				PRODUCT_NAME = "$(TARGET_NAME)";
				TARGETED_DEVICE_FAMILY = "1,2";
				TEST_HOST = "$(BUILT_PRODUCTS_DIR)/ArithmeticDemo.app/ArithmeticDemo";
			};
			name = Release;
		};
		7B36653421A5348B0058BBE4 /* Debug */ = {
			isa = XCBuildConfiguration;
			baseConfigurationReference = 57B90814D89CB63D707C1BA3 /* Pods-ArithmeticDemoUITests.debug.xcconfig */;
			buildSettings = {
				CODE_SIGN_STYLE = Automatic;
				INFOPLIST_FILE = ArithmeticDemoUITests/Info.plist;
				LD_RUNPATH_SEARCH_PATHS = (
					"$(inherited)",
					"@executable_path/Frameworks",
					"@loader_path/Frameworks",
				);
				PRODUCT_BUNDLE_IDENTIFIER = com.dxl.ArithmeticDemoUITests;
				PRODUCT_NAME = "$(TARGET_NAME)";
				TARGETED_DEVICE_FAMILY = "1,2";
				TEST_TARGET_NAME = ArithmeticDemo;
			};
			name = Debug;
		};
		7B36653521A5348B0058BBE4 /* Release */ = {
			isa = XCBuildConfiguration;
			baseConfigurationReference = 6E732C4FA47DA70076EADD32 /* Pods-ArithmeticDemoUITests.release.xcconfig */;
			buildSettings = {
				CODE_SIGN_STYLE = Automatic;
				INFOPLIST_FILE = ArithmeticDemoUITests/Info.plist;
				LD_RUNPATH_SEARCH_PATHS = (
					"$(inherited)",
					"@executable_path/Frameworks",
					"@loader_path/Frameworks",
				);
				PRODUCT_BUNDLE_IDENTIFIER = com.dxl.ArithmeticDemoUITests;
				PRODUCT_NAME = "$(TARGET_NAME)";
				TARGETED_DEVICE_FAMILY = "1,2";
				TEST_TARGET_NAME = ArithmeticDemo;
			};
			name = Release;
		};
/* End XCBuildConfiguration section */

/* Begin XCConfigurationList section */
		7B3664FC21A534880058BBE4 /* Build configuration list for PBXProject "ArithmeticDemo" */ = {
			isa = XCConfigurationList;
			buildConfigurations = (
				7B36652B21A5348B0058BBE4 /* Debug */,
				7B36652C21A5348B0058BBE4 /* Release */,
			);
			defaultConfigurationIsVisible = 0;
			defaultConfigurationName = Release;
		};
		7B36652D21A5348B0058BBE4 /* Build configuration list for PBXNativeTarget "ArithmeticDemo" */ = {
			isa = XCConfigurationList;
			buildConfigurations = (
				7B36652E21A5348B0058BBE4 /* Debug */,
				7B36652F21A5348B0058BBE4 /* Release */,
			);
			defaultConfigurationIsVisible = 0;
			defaultConfigurationName = Release;
		};
		7B36653021A5348B0058BBE4 /* Build configuration list for PBXNativeTarget "ArithmeticDemoTests" */ = {
			isa = XCConfigurationList;
			buildConfigurations = (
				7B36653121A5348B0058BBE4 /* Debug */,
				7B36653221A5348B0058BBE4 /* Release */,
			);
			defaultConfigurationIsVisible = 0;
			defaultConfigurationName = Release;
		};
		7B36653321A5348B0058BBE4 /* Build configuration list for PBXNativeTarget "ArithmeticDemoUITests" */ = {
			isa = XCConfigurationList;
			buildConfigurations = (
				7B36653421A5348B0058BBE4 /* Debug */,
				7B36653521A5348B0058BBE4 /* Release */,
			);
			defaultConfigurationIsVisible = 0;
			defaultConfigurationName = Release;
		};
/* End XCConfigurationList section */
	};
	rootObject = 7B3664F921A534880058BBE4 /* Project object */;
}
